
Microsoft Visual Studio Solution File, Format Version 12.00
# Visual Studio Version 17
VisualStudioVersion = 17.5.33516.290
MinimumVisualStudioVersion = 10.0.40219.1
Project("{FAE04EC0-301F-11D3-BF4B-00C04F79EFBC}") = "RykovaLab3RKIS", "RykovaLab3RKIS.csproj", "{42E78D23-312F-4A32-A866-776EDA7FE244}"
EndProject
Global
	GlobalSection(SolutionConfigurationPlatforms) = preSolution
		Debug|Any CPU = Debug|Any CPU
		Release|Any CPU = Release|Any CPU
	EndGlobalSection
	GlobalSection(ProjectConfigurationPlatforms) = postSolution
		{42E78D23-312F-4A32-A866-776EDA7FE244}.Debug|Any CPU.ActiveCfg = Debug|Any CPU
		{42E78D23-312F-4A32-A866-776EDA7FE244}.Debug|Any CPU.Build.0 = Debug|Any CPU
		{42E78D23-312F-4A32-A866-776EDA7FE244}.Release|Any CPU.ActiveCfg = Release|Any CPU
		{42E78D23-312F-4A32-A866-776EDA7FE244}.Release|Any CPU.Build.0 = Release|Any CPU
	EndGlobalSection
	GlobalSection(SolutionProperties) = preSolution
		HideSolutionNode = FALSE
	EndGlobalSection
	GlobalSection(ExtensibilityGlobals) = postSolution
		SolutionGuid = {848642B4-0485-4F16-BF75-B7A204BB67A4}
	EndGlobalSection
EndGlobal
